
Microsoft Visual Studio Solution File, Format Version 12.00
# Visual Studio 15
VisualStudioVersion = 15.0.28010.2041
MinimumVisualStudioVersion = 10.0.40219.1
Project("{9A19103F-16F7-4668-BE54-9A1E7A4F7556}") = "HighbushFunctionApp", "HighbushFunctionApp\HighbushFunctionApp.csproj", "{FD42F02B-0927-4BD9-9A2F-449853CA83A8}"
EndProject
Global
	GlobalSection(SolutionConfigurationPlatforms) = preSolution
		Debug|Any CPU = Debug|Any CPU
		Release|Any CPU = Release|Any CPU
	EndGlobalSection
	GlobalSection(ProjectConfigurationPlatforms) = postSolution
		{FD42F02B-0927-4BD9-9A2F-449853CA83A8}.Debug|Any CPU.ActiveCfg = Debug|Any CPU
		{FD42F02B-0927-4BD9-9A2F-449853CA83A8}.Debug|Any CPU.Build.0 = Debug|Any CPU
		{FD42F02B-0927-4BD9-9A2F-449853CA83A8}.Release|Any CPU.ActiveCfg = Release|Any CPU
		{FD42F02B-0927-4BD9-9A2F-449853CA83A8}.Release|Any CPU.Build.0 = Release|Any CPU
	EndGlobalSection
	GlobalSection(SolutionProperties) = preSolution
		HideSolutionNode = FALSE
	EndGlobalSection
	GlobalSection(ExtensibilityGlobals) = postSolution
		SolutionGuid = {78EB7A90-3312-4F77-AF98-36EC8403A9E6}
	EndGlobalSection
EndGlobal
